PODS:
  - ChameleonFramework (2.1.0):
    - ChameleonFramework/Default (= 2.1.0)
  - ChameleonFramework/Default (2.1.0)
  - CWPopup (1.2.6)
  - HMSegmentedControl (1.5.3)
  - LUNField (1.0.3)
  - pop (1.0.9)
  - RSDayFlow (1.6.0)

DEPENDENCIES:
  - ChameleonFramework (~> 2.1)
  - CWPopup (~> 1.2.4)
  - HMSegmentedControl
  - LUNField
  - pop (~> 1.0)
  - RSDayFlow

SPEC CHECKSUMS:
  ChameleonFramework: d21a3cc247abfe5e37609a283a8238b03575cf64
  CWPopup: 3f8b0704a9914813d90372d66525d31f24b27d49
  HMSegmentedControl: 7c6145afb50f26cec5f3243082f6f12b9f41318f
  LUNField: fc3b7e0e16d71c06d849fa2a7499cdc295cb2204
  pop: f667631a5108a2e60d9e8797c9b32ddaf2080bce
  RSDayFlow: 3ecebcead005812123076f6dd2b9ffdedf095aae

COCOAPODS: 0.39.0
